schema: '2.0'
stages:
  analyze-local-geometry-impact:
    cmd: calkit xenv -n main --no-check -- 
      "scripts/analysis_local_geometry_impact.jl"
    deps:
    - path: .calkit/envs/main/Manifest.toml
      hash: md5
      md5: f053a8db8375d9886430ab4024d9e9eb
      size: 186
    - path: scripts/analysis_local_geometry_impact.jl
      hash: md5
      md5: 8d0e7a6ca5cdece8a8edb38f1bba9c64
      size: 16383
    outs:
    - path: results/analysis_local_geometry_impact.md
      hash: md5
      md5: ccc982384837e89e866fefd11def6c3a
      size: 4351
  benchmark-local-geometry-impact:
    cmd: calkit slurm batch --name benchmark-local-geometry-impact --environment
      clima --dep scripts/benchmark_local_geometry_impact.jl --dep 
      ClimaCore.jl/.buildkite/Manifest.toml --dep ClimaCore.jl/src --dep 
      ClimaCore.jl/ext --out results/benchmark_local_geometry_impact.md -s 
      --gpus=1 -s --time=30 -- scripts/run_benchmark_slurm.sh
    deps:
    - path: ClimaCore.jl/.buildkite/Manifest.toml
      hash: md5
      md5: 20fd144ed1c5d9c03d65fc81f2cacd26
      size: 104332
    - path: ClimaCore.jl/ext
      hash: md5
      md5: 6ac8e4573960baeb9bcce5de9dde65e6.dir
      size: 199576
      nfiles: 25
    - path: ClimaCore.jl/src
      hash: md5
      md5: 28e74e8728bbd5c032e64a54823d2c6e.dir
      size: 1189678
      nfiles: 98
    - path: scripts/benchmark_local_geometry_impact.jl
      hash: md5
      md5: c0e0310fc91ae5ae215984aac56b4530
      size: 30523
    - path: scripts/run_benchmark_slurm.sh
      hash: md5
      md5: bae0f1e55c355f6d14b76c5a76d00f02
      size: 1800
      isexec: true
    outs:
    - path: .calkit/slurm/logs/benchmark-local-geometry-impact.out
      hash: md5
      md5: 77d51f8fb409b137d6e2652199681d41
      size: 15572
    - path: results/benchmark_local_geometry_impact.md
      hash: md5
      md5: 4348641c4109e2c5ea16dfa06c7212b5
      size: 2860
  amip-mod:
    cmd: calkit slurm batch --name amip-mod --environment clima --dep 
      config/climaatmos_progedmf_1m.yml --dep scripts/run_progedmf_1m.jl --dep 
      ClimaAtmos.jl-mod/.buildkite/Manifest-v1.11.toml --dep 
      ClimaAtmos.jl-mod/src -s --gpus=1 -s --time=120 -- 
      scripts/run-julia-script.sh --project=ClimaAtmos.jl-mod/.buildkite 
      scripts/run_progedmf_1m.jl
    deps:
    - path: ClimaAtmos.jl-mod/.buildkite/Manifest-v1.11.toml
      hash: md5
      md5: 8908c2f07fcab5cf96f692ec43375ffc
      size: 117661
    - path: ClimaAtmos.jl-mod/src
      hash: md5
      md5: 0866cb12a0ed6247655008540a2b7afb.dir
      size: 1500355
      nfiles: 106
    - path: config/climaatmos_progedmf_1m.yml
      hash: md5
      md5: 6b44ef8fd381d2127ee1b668b2e850a7
      size: 1219
    - path: scripts/run-julia-script.sh
      hash: md5
      md5: c982c866ef1cd9cab26d7c5b78a4224b
      size: 560
    - path: scripts/run_progedmf_1m.jl
      hash: md5
      md5: 0a8ef250f4638e4e4567145c2a2deee8
      size: 1493
    outs:
    - path: .calkit/slurm/logs/amip-mod.out
      hash: md5
      md5: 04984d9b0aa6711772e88d37dbbc34bc
      size: 18758
  amip-baseline:
    cmd: calkit slurm batch --name amip-baseline --environment clima --dep 
      config/climaatmos_progedmf_1m.yml --dep scripts/run_progedmf_1m.jl --dep 
      ClimaAtmos.jl/.buildkite/Manifest-v1.11.toml --dep ClimaAtmos.jl/src -s 
      --gpus=1 -s --time=120 -- scripts/run-julia-script.sh 
      --project=ClimaAtmos.jl/.buildkite scripts/run_progedmf_1m.jl
    deps:
    - path: ClimaAtmos.jl/.buildkite/Manifest-v1.11.toml
      hash: md5
      md5: 8908c2f07fcab5cf96f692ec43375ffc
      size: 117661
    - path: ClimaAtmos.jl/src
      hash: md5
      md5: d4a4602fa460aac75f5143a67d538766.dir
      size: 1495929
      nfiles: 106
    - path: config/climaatmos_progedmf_1m.yml
      hash: md5
      md5: 6b44ef8fd381d2127ee1b668b2e850a7
      size: 1219
    - path: scripts/run-julia-script.sh
      hash: md5
      md5: c982c866ef1cd9cab26d7c5b78a4224b
      size: 560
    - path: scripts/run_progedmf_1m.jl
      hash: md5
      md5: 0a8ef250f4638e4e4567145c2a2deee8
      size: 1493
    outs:
    - path: .calkit/slurm/logs/amip-baseline.out
      hash: md5
      md5: 97494c0ac2afb373930576cf8a04c738
      size: 18718
  analyze-logs:
    cmd: calkit nb execute --environment py --no-check --to html 
      "notebooks/analyze-logs.ipynb"
    deps:
    - path: .calkit/envs/py/uv.lock
      hash: md5
      md5: 0882eaf66a48e31088a716a1d1bc8aa8
      size: 98212
    - path: .calkit/notebooks/cleaned/notebooks/analyze-logs.ipynb
      hash: md5
      md5: e49e3f3f48d1bac2c04868ad0dc9946c
      size: 1631
    - path: .calkit/slurm/logs/amip-baseline.out
      hash: md5
      md5: 97494c0ac2afb373930576cf8a04c738
      size: 18718
    - path: .calkit/slurm/logs/amip-mod.out
      hash: md5
      md5: 04984d9b0aa6711772e88d37dbbc34bc
      size: 18758
    outs:
    - path: .calkit/notebooks/executed/notebooks/analyze-logs.ipynb
      hash: md5
      md5: a29f0f08854bc7c88891ccdfcaae9613
      size: 46509
    - path: .calkit/notebooks/html/notebooks/analyze-logs.html
      hash: md5
      md5: 2c37fe906dfa64141015a246ada41cbb
      size: 325689
    - path: figures/sypd-time-series.png
      hash: md5
      md5: ba6ad84b668b85dbb52d4e720e9d1455
      size: 32669
  nsys-baseline:
    cmd: calkit slurm batch --name nsys-baseline --environment clima --dep 
      ClimaAtmos.jl/.buildkite/Manifest-v1.11.toml --dep ClimaAtmos.jl/src --dep
      config/climaatmos_progedmf_1m.yml --dep 
      ClimaAtmos.jl/perf/benchmark_step.jl --out results/nsys/baseline.nsys-rep 
      --out results/nsys/baseline.sqlite -s --gpus=1 -s --time=120 -- 
      scripts/run-nsys.sh --output=results/nsys/baseline julia 
      --project=ClimaAtmos.jl/.buildkite ClimaAtmos.jl/perf/benchmark_step.jl 
      --config_file=config/climaatmos_progedmf_1m.yml
    deps:
    - path: ClimaAtmos.jl/.buildkite/Manifest-v1.11.toml
      hash: md5
      md5: 8908c2f07fcab5cf96f692ec43375ffc
      size: 117661
    - path: ClimaAtmos.jl/perf/benchmark_step.jl
      hash: md5
      md5: e4e56e0353b6c5130c4e3fc03082c211
      size: 2082
    - path: ClimaAtmos.jl/src
      hash: md5
      md5: d4a4602fa460aac75f5143a67d538766.dir
      size: 1495929
      nfiles: 106
    - path: config/climaatmos_progedmf_1m.yml
      hash: md5
      md5: 6b44ef8fd381d2127ee1b668b2e850a7
      size: 1219
    - path: scripts/run-nsys.sh
      hash: md5
      md5: c83d8939e62284ff1cff8ea8253de4ac
      size: 1692
    outs:
    - path: .calkit/slurm/logs/nsys-baseline.out
      hash: md5
      md5: 234a552de622c060bc07ce3a8406e1ba
      size: 87605
    - path: results/nsys/baseline.nsys-rep
      hash: md5
      md5: 0f4376856725eca4b18d1aedf1d89796
      size: 23094817
    - path: results/nsys/baseline.sqlite
      hash: md5
      md5: 9167c452f918f1c133e22fe884505c7c
      size: 48082944
  nsys-mod:
    cmd: calkit slurm batch --name nsys-mod --environment clima --dep 
      ClimaAtmos.jl-mod/.buildkite/Manifest-v1.11.toml --dep 
      ClimaAtmos.jl-mod/src --dep config/climaatmos_progedmf_1m.yml --dep 
      ClimaAtmos.jl-mod/perf/benchmark_step.jl --out results/nsys/mod.nsys-rep 
      --out results/nsys/mod.sqlite -s --gpus=1 -s --time=120 -- 
      scripts/run-nsys.sh --output=results/nsys/mod julia 
      --project=ClimaAtmos.jl-mod/.buildkite 
      ClimaAtmos.jl-mod/perf/benchmark_step.jl 
      --config_file=config/climaatmos_progedmf_1m.yml
    deps:
    - path: ClimaAtmos.jl-mod/.buildkite/Manifest-v1.11.toml
      hash: md5
      md5: 8908c2f07fcab5cf96f692ec43375ffc
      size: 117661
    - path: ClimaAtmos.jl-mod/perf/benchmark_step.jl
      hash: md5
      md5: e4e56e0353b6c5130c4e3fc03082c211
      size: 2082
    - path: ClimaAtmos.jl-mod/src
      hash: md5
      md5: 0866cb12a0ed6247655008540a2b7afb.dir
      size: 1500355
      nfiles: 106
    - path: config/climaatmos_progedmf_1m.yml
      hash: md5
      md5: 6b44ef8fd381d2127ee1b668b2e850a7
      size: 1219
    - path: scripts/run-nsys.sh
      hash: md5
      md5: c83d8939e62284ff1cff8ea8253de4ac
      size: 1692
    outs:
    - path: .calkit/slurm/logs/nsys-mod.out
      hash: md5
      md5: 650dc04b13fac50b6edb3f46dd2d0236
      size: 87779
    - path: results/nsys/mod.nsys-rep
      hash: md5
      md5: 77730f38e673f6dff4d83082b2dca83c
      size: 23084929
    - path: results/nsys/mod.sqlite
      hash: md5
      md5: dce366ded3bc7cc159a318c7cfd1a91d
      size: 48173056
  compare-kernels:
    cmd: calkit nb execute --environment py --no-check --to html 
      "notebooks/compare-kernels.ipynb"
    deps:
    - path: .calkit/envs/py/uv.lock
      hash: md5
      md5: 0882eaf66a48e31088a716a1d1bc8aa8
      size: 98212
    - path: .calkit/notebooks/cleaned/notebooks/compare-kernels.ipynb
      hash: md5
      md5: 34bf96eecca9c0ee2207c7786d05ef08
      size: 28476
    - path: results/nsys/baseline.sqlite
      hash: md5
      md5: 9167c452f918f1c133e22fe884505c7c
      size: 48082944
    - path: results/nsys/mod.sqlite
      hash: md5
      md5: dce366ded3bc7cc159a318c7cfd1a91d
      size: 48173056
    outs:
    - path: .calkit/notebooks/executed/notebooks/compare-kernels.ipynb
      hash: md5
      md5: 9015cc3fbe2880250d5ecfe3ed1fb3a2
      size: 47014
    - path: .calkit/notebooks/html/notebooks/compare-kernels.html
      hash: md5
      md5: 17cea642bf5cd2dce039837187931744
      size: 374290
  sync-atmos-mod-core:
    cmd: ' bash --noprofile --norc scripts/sync-atmos-mod-core.sh'
    deps:
    - path: ClimaCore.jl/ext
      hash: md5
      md5: 6ac8e4573960baeb9bcce5de9dde65e6.dir
      size: 199576
      nfiles: 25
    - path: ClimaCore.jl/lib
      hash: md5
      md5: 5c8d819896714d4c699a816a70872cef.dir
      size: 316792
      nfiles: 58
    - path: ClimaCore.jl/src
      hash: md5
      md5: 28e74e8728bbd5c032e64a54823d2c6e.dir
      size: 1189678
      nfiles: 98
    - path: scripts/sync-atmos-mod-core.sh
      hash: md5
      md5: 261698988e9ad35362013216a81944d0
      size: 583
      isexec: true
