schema: '2.0'
stages:
  analyze-local-geometry-impact:
    cmd: calkit xenv -n main --no-check -- 
      "scripts/analysis_local_geometry_impact.jl"
    deps:
    - path: .calkit/envs/main/Manifest.toml
      hash: md5
      md5: f053a8db8375d9886430ab4024d9e9eb
      size: 186
    - path: scripts/analysis_local_geometry_impact.jl
      hash: md5
      md5: 8d0e7a6ca5cdece8a8edb38f1bba9c64
      size: 16383
    outs:
    - path: results/analysis_local_geometry_impact.md
      hash: md5
      md5: ccc982384837e89e866fefd11def6c3a
      size: 4351
  benchmark-local-geometry-impact:
    cmd: calkit slurm batch --name benchmark-local-geometry-impact --environment
      clima --dep scripts/benchmark_local_geometry_impact.jl --dep 
      ClimaCore.jl/.buildkite/Manifest.toml --dep ClimaCore.jl/src --dep 
      ClimaCore.jl/ext --out results/benchmark_local_geometry_impact.md -s 
      --gpus=1 -s --time=30 -- scripts/run_benchmark_slurm.sh
    deps:
    - path: ClimaCore.jl/.buildkite/Manifest.toml
      hash: md5
      md5: d2dce9a07ad814b227bd47cb017d7fea
      size: 104332
    - path: ClimaCore.jl/ext
      hash: md5
      md5: 3f056c53cd7ed1404dbe16ddc46eee71.dir
      size: 188794
      nfiles: 25
    - path: ClimaCore.jl/src
      hash: md5
      md5: a0a3445b59926ec3cf96b53e08cf7aa7.dir
      size: 1166227
      nfiles: 97
    - path: scripts/benchmark_local_geometry_impact.jl
      hash: md5
      md5: 0bd2929fb398e654da01b88e0139f71a
      size: 24024
    - path: scripts/run_benchmark_slurm.sh
      hash: md5
      md5: 88df3fd56272acc43dfc346a2c64bade
      size: 1584
      isexec: true
    outs:
    - path: .calkit/slurm/logs/benchmark-local-geometry-impact.out
      hash: md5
      md5: bba15bbb60e158c67f83dd16f1ca6269
      size: 8375
    - path: results/benchmark_local_geometry_impact.md
      hash: md5
      md5: c4004c5c55d8812e7a82df9323939e7b
      size: 2488
  amip-mod:
    cmd: calkit slurm batch --name amip-mod --environment clima --dep 
      config/climaatmos_progedmf_1m.yml --dep scripts/run_progedmf_1m.jl --dep 
      ClimaAtmos.jl-mod/.buildkite/Manifest-v1.11.toml --dep 
      ClimaAtmos.jl-mod/src -s --gpus=1 -s --time=120 -- 
      scripts/run-julia-script.sh --project=ClimaAtmos.jl-mod/.buildkite 
      scripts/run_progedmf_1m.jl
    deps:
    - path: ClimaAtmos.jl-mod/.buildkite/Manifest-v1.11.toml
      hash: md5
      md5: 505dfffd81f351b90e1e40f9a796d831
      size: 117661
    - path: ClimaAtmos.jl-mod/src
      hash: md5
      md5: ece2f5e3a9b2948b2b9e436ca6f6116d.dir
      size: 1464034
      nfiles: 105
    - path: config/climaatmos_progedmf_1m.yml
      hash: md5
      md5: 43663eb9dce0bca4e506572a51043d8a
      size: 1231
    - path: scripts/run-julia-script.sh
      hash: md5
      md5: c982c866ef1cd9cab26d7c5b78a4224b
      size: 560
    - path: scripts/run_progedmf_1m.jl
      hash: md5
      md5: 0a8ef250f4638e4e4567145c2a2deee8
      size: 1493
    outs:
    - path: .calkit/slurm/logs/amip-mod.out
      hash: md5
      md5: 985e893167205ed1609fe1605824b838
      size: 18783
  amip-baseline:
    cmd: calkit slurm batch --name amip-baseline --environment clima --dep 
      config/climaatmos_progedmf_1m.yml --dep scripts/run_progedmf_1m.jl --dep 
      ClimaAtmos.jl/.buildkite/Manifest-v1.11.toml --dep ClimaAtmos.jl/src -s 
      --gpus=1 -s --time=120 -- scripts/run-julia-script.sh 
      --project=ClimaAtmos.jl/.buildkite scripts/run_progedmf_1m.jl
    deps:
    - path: ClimaAtmos.jl/.buildkite/Manifest-v1.11.toml
      hash: md5
      md5: 505dfffd81f351b90e1e40f9a796d831
      size: 117661
    - path: ClimaAtmos.jl/src
      hash: md5
      md5: 45529b6e57ae42b1698891309cc9a09b.dir
      size: 1464054
      nfiles: 105
    - path: config/climaatmos_progedmf_1m.yml
      hash: md5
      md5: 43663eb9dce0bca4e506572a51043d8a
      size: 1231
    - path: scripts/run-julia-script.sh
      hash: md5
      md5: c982c866ef1cd9cab26d7c5b78a4224b
      size: 560
    - path: scripts/run_progedmf_1m.jl
      hash: md5
      md5: 0a8ef250f4638e4e4567145c2a2deee8
      size: 1493
    outs:
    - path: .calkit/slurm/logs/amip-baseline.out
      hash: md5
      md5: b49bd0564351ccb2b7774d433e155c3f
      size: 18785
  analyze-logs:
    cmd: calkit nb execute --environment py --no-check --to html 
      "notebooks/analyze-logs.ipynb"
    deps:
    - path: .calkit/envs/py/uv.lock
      hash: md5
      md5: 0882eaf66a48e31088a716a1d1bc8aa8
      size: 98212
    - path: .calkit/notebooks/cleaned/notebooks/analyze-logs.ipynb
      hash: md5
      md5: e49e3f3f48d1bac2c04868ad0dc9946c
      size: 1631
    - path: .calkit/slurm/logs/amip-baseline.out
      hash: md5
      md5: b49bd0564351ccb2b7774d433e155c3f
      size: 18785
    - path: .calkit/slurm/logs/amip-mod.out
      hash: md5
      md5: 985e893167205ed1609fe1605824b838
      size: 18783
    outs:
    - path: .calkit/notebooks/executed/notebooks/analyze-logs.ipynb
      hash: md5
      md5: 8be89f2c39e90ccec64518fe144a0890
      size: 61919
    - path: .calkit/notebooks/html/notebooks/analyze-logs.html
      hash: md5
      md5: ad862626320540763e5468bf8c13b251
      size: 341128
    - path: figures/sypd-time-series.png
      hash: md5
      md5: 62e242f575f33e0b8b1cdb23e12fdd84
      size: 44356
  nsys-baseline:
    cmd: calkit slurm batch --name nsys-baseline --environment clima --dep 
      ClimaAtmos.jl/.buildkite/Manifest-v1.11.toml --dep ClimaAtmos.jl/src --dep
      config/climaatmos_progedmf_1m.yml --dep 
      ClimaAtmos.jl/perf/benchmark_step.jl --out results/nsys/baseline.nsys-rep 
      --out results/nsys/baseline.sqlite -s --gpus=1 -s --time=120 -- 
      scripts/run-nsys.sh --output=results/nsys/baseline julia 
      --project=ClimaAtmos.jl/.buildkite ClimaAtmos.jl/perf/benchmark_step.jl 
      --config_file=config/climaatmos_progedmf_1m.yml
    deps:
    - path: ClimaAtmos.jl/.buildkite/Manifest-v1.11.toml
      hash: md5
      md5: 505dfffd81f351b90e1e40f9a796d831
      size: 117661
    - path: ClimaAtmos.jl/perf/benchmark_step.jl
      hash: md5
      md5: e4e56e0353b6c5130c4e3fc03082c211
      size: 2082
    - path: ClimaAtmos.jl/src
      hash: md5
      md5: 2ab7a6c32195f9f77d9ed6bc1a988f70.dir
      size: 1464007
      nfiles: 105
    - path: config/climaatmos_progedmf_1m.yml
      hash: md5
      md5: 43663eb9dce0bca4e506572a51043d8a
      size: 1231
    - path: scripts/run-nsys.sh
      hash: md5
      md5: 6eaecfbdf3b04e4202c8eb0d81c64acd
      size: 1554
    outs:
    - path: .calkit/slurm/logs/nsys-baseline.out
      hash: md5
      md5: 1bce615bfedb4b83e7c025586139973c
      size: 88813
    - path: results/nsys/baseline.nsys-rep
      hash: md5
      md5: 98d9f1a972d5b8e56fb4c2d7dd5b7c07
      size: 23853460
    - path: results/nsys/baseline.sqlite
      hash: md5
      md5: ba68f1aab64546dc7e5d35a4e7d61e46
      size: 49586176
  nsys-mod:
    cmd: calkit slurm batch --name nsys-mod --environment clima --dep 
      ClimaAtmos.jl-mod/.buildkite/Manifest-v1.11.toml --dep 
      ClimaAtmos.jl-mod/src --dep config/climaatmos_progedmf_1m.yml --dep 
      ClimaAtmos.jl-mod/perf/benchmark_step.jl --out results/nsys/mod.nsys-rep 
      --out results/nsys/mod.sqlite -s --gpus=1 -s --time=120 -- 
      scripts/run-nsys.sh --output=results/nsys/mod julia 
      --project=ClimaAtmos.jl-mod/.buildkite 
      ClimaAtmos.jl-mod/perf/benchmark_step.jl 
      --config_file=config/climaatmos_progedmf_1m.yml
    deps:
    - path: ClimaAtmos.jl-mod/.buildkite/Manifest-v1.11.toml
      hash: md5
      md5: 505dfffd81f351b90e1e40f9a796d831
      size: 117661
    - path: ClimaAtmos.jl-mod/perf/benchmark_step.jl
      hash: md5
      md5: e4e56e0353b6c5130c4e3fc03082c211
      size: 2082
    - path: ClimaAtmos.jl-mod/src
      hash: md5
      md5: ece2f5e3a9b2948b2b9e436ca6f6116d.dir
      size: 1464034
      nfiles: 105
    - path: config/climaatmos_progedmf_1m.yml
      hash: md5
      md5: 43663eb9dce0bca4e506572a51043d8a
      size: 1231
    - path: scripts/run-nsys.sh
      hash: md5
      md5: 6eaecfbdf3b04e4202c8eb0d81c64acd
      size: 1554
    outs:
    - path: .calkit/slurm/logs/nsys-mod.out
      hash: md5
      md5: aec7bade02d5fbe23bdb7d3b25f63cb9
      size: 87632
    - path: results/nsys/mod.nsys-rep
      hash: md5
      md5: b5eb748e106f58a0d72dd87fd3cebb5f
      size: 23835871
    - path: results/nsys/mod.sqlite
      hash: md5
      md5: 5c3e8f54c9113712c5462651c852beaf
      size: 49274880
